
Microsoft Visual Studio Solution File, Format Version 12.00
# Visual Studio Version 17
VisualStudioVersion = 17.0.31903.59
MinimumVisualStudioVersion = 10.0.40219.1
Project("{FAE04EC0-301F-11D3-BF4B-00C04F79EFBC}") = "KeelMatrix.EfGuard", "src\KeelMatrix.EfGuard\KeelMatrix.EfGuard.csproj", "{2D62C8CC-8E35-44F6-B4A8-6D4AF6A0F57A}"
EndProject
Project("{FAE04EC0-301F-11D3-BF4B-00C04F79EFBC}") = "KeelMatrix.EfGuard.Worker", "src\KeelMatrix.EfGuard.Worker\KeelMatrix.EfGuard.Worker.csproj", "{B0BA1D7E-0C3A-4C36-B4B8-4D5BD7EE7114}"
EndProject
Project("{FAE04EC0-301F-11D3-BF4B-00C04F79EFBC}") = "KeelMatrix.EfGuard.Tests", "tests\KeelMatrix.EfGuard.Tests\KeelMatrix.EfGuard.Tests.csproj", "{4C6CC756-C2BE-42F8-8FE4-25E2E9B48D2E}"
EndProject
Project("{FAE04EC0-301F-11D3-BF4B-00C04F79EFBC}") = "Ef8Fixture", "fixtures\Ef8\Ef8Fixture.csproj", "{A0D0A2A1-9EEA-4F21-BC7D-8A11E2E7D18B}"
EndProject
Project("{FAE04EC0-301F-11D3-BF4B-00C04F79EFBC}") = "Ef9Fixture", "fixtures\Ef9\Ef9Fixture.csproj", "{B1E1B3B2-AFFB-4032-CD8E-9B22F3F8E29C}"
EndProject
Project("{FAE04EC0-301F-11D3-BF4B-00C04F79EFBC}") = "Ef10Fixture", "fixtures\Ef10\Ef10Fixture.csproj", "{C2F2C4C3-B0CC-4143-DE9F-AC33F409F3AD}"
EndProject
Project("{FAE04EC0-301F-11D3-BF4B-00C04F79EFBC}") = "Ef8PostgresFixture", "fixtures\Ef8Postgres\Ef8PostgresFixture.csproj", "{D6B74E9F-3C22-4A65-AE4F-3F24BFCB6A01}"
EndProject
Project("{FAE04EC0-301F-11D3-BF4B-00C04F79EFBC}") = "Ef9SqlServerFixture", "fixtures\Ef9SqlServer\Ef9SqlServerFixture.csproj", "{E7C85FA0-4D33-4B76-BF50-4A35C0DC7B12}"
EndProject
Project("{FAE04EC0-301F-11D3-BF4B-00C04F79EFBC}") = "Ef10PostgresFixture", "fixtures\Ef10Postgres\Ef10PostgresFixture.csproj", "{F8D960B1-5E44-4C87-C061-5B46D0EC8C23}"
EndProject
Project("{FAE04EC0-301F-11D3-BF4B-00C04F79EFBC}") = "Ef8CleanFixture", "fixtures\Ef8Clean\Ef8CleanFixture.csproj", "{A9EA71C2-6F55-4D98-D172-6C57E1FD9D34}"
EndProject
Project("{FAE04EC0-301F-11D3-BF4B-00C04F79EFBC}") = "EfFactoryFixture", "fixtures\EfFactory\EfFactoryFixture.csproj", "{E4F4E4F4-D5D5-46F6-A7A7-8B8B8B8B8B8B}"
EndProject
Project("{FAE04EC0-301F-11D3-BF4B-00C04F79EFBC}") = "EfFactoryStartup", "fixtures\EfFactoryStartup\EfFactoryStartup.csproj", "{F5F5F5F5-E6E6-47F7-B8B8-9C9C9C9C9C9C}"
EndProject
Project("{FAE04EC0-301F-11D3-BF4B-00C04F79EFBC}") = "EfStartupServicesFixture", "fixtures\EfStartupServices\EfStartupServicesFixture.csproj", "{A6A6A6A6-A7A7-48A8-B9B9-0D0D0D0D0D0D}"
EndProject
Project("{FAE04EC0-301F-11D3-BF4B-00C04F79EFBC}") = "EfStartupServicesHost", "fixtures\EfStartupServicesHost\EfStartupServicesHost.csproj", "{B7B7B7B7-B8B8-49B9-C0C0-1E1E1E1E1E1E}"
EndProject
Project("{FAE04EC0-301F-11D3-BF4B-00C04F79EFBC}") = "Ef9Net9Fixture", "fixtures\Ef9Net9\Ef9Net9Fixture.csproj", "{C8C8C8C8-C9C9-4AC0-D1D1-2F2F2F2F2F2F}"
EndProject
Project("{FAE04EC0-301F-11D3-BF4B-00C04F79EFBC}") = "ProcessProbe", "tests\ProcessProbe\ProcessProbe.csproj", "{D3F3D5D4-C1DD-4254-EFA0-BD44051A04BE}"
EndProject
Project("{FAE04EC0-301F-11D3-BF4B-00C04F79EFBC}") = "Ef9NarrowSqlServerFixture", "fixtures\Ef9NarrowSqlServer\Ef9NarrowSqlServerFixture.csproj", "{CDE5F040-C40C-4573-A628-6D42847FAF2C}"
EndProject
Project("{FAE04EC0-301F-11D3-BF4B-00C04F79EFBC}") = "Ef9NarrowPostgresFixture", "fixtures\Ef9NarrowPostgres\Ef9NarrowPostgresFixture.csproj", "{B13A572C-6BFF-479C-9F42-ED79C302B7F6}"
EndProject
Project("{FAE04EC0-301F-11D3-BF4B-00C04F79EFBC}") = "Ef8MultiContextOrdersFixture", "fixtures\Ef8MultiContextOrders\Ef8MultiContextOrdersFixture.csproj", "{7855F478-7797-4244-9D9A-443FF183D5A0}"
EndProject
Project("{FAE04EC0-301F-11D3-BF4B-00C04F79EFBC}") = "Ef8MultiContextCustomersFixture", "fixtures\Ef8MultiContextCustomers\Ef8MultiContextCustomersFixture.csproj", "{52A3830B-E944-4390-8C2A-088FBF5D9CF2}"
EndProject
Project("{FAE04EC0-301F-11D3-BF4B-00C04F79EFBC}") = "Ef8MultiContextHost", "fixtures\Ef8MultiContextHost\Ef8MultiContextHost.csproj", "{584EFEDF-5212-4CF1-A52E-E79F357DDCBA}"
EndProject
Project("{FAE04EC0-301F-11D3-BF4B-00C04F79EFBC}") = "Ef8SharedAssemblyContextsFixture", "fixtures\Ef8SharedAssemblyContexts\Ef8SharedAssemblyContextsFixture.csproj", "{7B2C4D19-8A3E-4F57-9C61-2D4E5F607182}"
EndProject
Project("{FAE04EC0-301F-11D3-BF4B-00C04F79EFBC}") = "Ef8UnattributedMigrationsFixture", "fixtures\Ef8UnattributedMigrations\Ef8UnattributedMigrationsFixture.csproj", "{9E4F6A2B-1C8D-4E39-AF52-6B7C8D9E0F13}"
EndProject
Project("{2150E333-8FDC-42A3-9474-1A3956D46DE8}") = "fixtures", "fixtures", "{7A31CED4-1678-4AF3-8F73-6A118B9DA039}"
EndProject
Project("{2150E333-8FDC-42A3-9474-1A3956D46DE8}") = "Ef8Design", "Ef8Design", "{59D395E0-DEC9-19C0-9D6F-970BB723A65F}"
EndProject
Project("{FAE04EC0-301F-11D3-BF4B-00C04F79EFBC}") = "Ef8DesignFixture", "fixtures\Ef8Design\Ef8DesignFixture.csproj", "{D6EA1A95-8936-4734-ACB5-AF559BFC2DD3}"
EndProject
Project("{2150E333-8FDC-42A3-9474-1A3956D46DE8}") = "Ef9Design", "Ef9Design", "{B3736C9E-7574-1173-E5B0-C4A6EF504F9F}"
EndProject
Project("{FAE04EC0-301F-11D3-BF4B-00C04F79EFBC}") = "Ef9DesignFixture", "fixtures\Ef9Design\Ef9DesignFixture.csproj", "{B19856B1-D9DD-42AC-886D-742533C6559D}"
EndProject
Project("{2150E333-8FDC-42A3-9474-1A3956D46DE8}") = "Ef10Design", "Ef10Design", "{95347797-E519-0CF9-6514-36FF84368C5E}"
EndProject
Project("{FAE04EC0-301F-11D3-BF4B-00C04F79EFBC}") = "Ef10DesignFixture", "fixtures\Ef10Design\Ef10DesignFixture.csproj", "{3050F318-350A-4AC3-A1D6-EC88114540E7}"
EndProject
Project("{2150E333-8FDC-42A3-9474-1A3956D46DE8}") = "Ef10DesignPrivate", "Ef10DesignPrivate", "{D27D90EA-0E7C-A219-3F2E-16038E9F2F0C}"
EndProject
Project("{FAE04EC0-301F-11D3-BF4B-00C04F79EFBC}") = "Ef10DesignPrivateFixture", "fixtures\Ef10DesignPrivate\Ef10DesignPrivateFixture.csproj", "{DD0BDC7E-8C9E-4A52-A517-B44624DD008E}"
EndProject
Project("{2150E333-8FDC-42A3-9474-1A3956D46DE8}") = "Ef9DesignApp", "Ef9DesignApp", "{30620BB4-6940-4C6C-B07E-8BF1F68E9DBC}"
EndProject
Project("{FAE04EC0-301F-11D3-BF4B-00C04F79EFBC}") = "Ef9DesignAppFixture", "fixtures\Ef9DesignApp\Ef9DesignAppFixture.csproj", "{0801E81E-F67C-4ECB-B01C-EC85A9276C28}"
EndProject
Project("{FAE04EC0-301F-11D3-BF4B-00C04F79EFBC}") = "Ef9DesignAppHost", "fixtures\Ef9DesignAppHost\Ef9DesignAppHost.csproj", "{0BC06F8D-6E9C-4954-87DC-1F80965A5C62}"
EndProject
Project("{2150E333-8FDC-42A3-9474-1A3956D46DE8}") = "EfPartialOwnAssembly", "EfPartialOwnAssembly", "{DED48B03-D76C-E74E-2822-CB898D1028B2}"
EndProject
Project("{FAE04EC0-301F-11D3-BF4B-00C04F79EFBC}") = "EfPartialOwnAssemblyFixture", "fixtures\EfPartialOwnAssembly\EfPartialOwnAssemblyFixture.csproj", "{48B58655-5DAD-422F-908C-C066B57C5FCE}"
EndProject
Project("{2150E333-8FDC-42A3-9474-1A3956D46DE8}") = "EfPeripheralPartialAssembly", "EfPeripheralPartialAssembly", "{EA9D92A5-85E5-D008-581C-C0BFDD12A8B9}"
EndProject
Project("{FAE04EC0-301F-11D3-BF4B-00C04F79EFBC}") = "EfPeripheralPartialAssemblyFixture", "fixtures\EfPeripheralPartialAssembly\EfPeripheralPartialAssemblyFixture.csproj", "{BCDF316E-D9F9-4348-B38F-3E44B6020804}"
EndProject
Project("{2150E333-8FDC-42A3-9474-1A3956D46DE8}") = "EfMigrationsPartialAssembly", "EfMigrationsPartialAssembly", "{AB33FC17-0080-37F6-E2E1-0E8B3B4953A3}"
EndProject
Project("{FAE04EC0-301F-11D3-BF4B-00C04F79EFBC}") = "EfMigrationsPartialAssemblyFixture", "fixtures\EfMigrationsPartialAssembly\EfMigrationsPartialAssemblyFixture.csproj", "{5C5ADC6C-DB42-491A-92BB-97E64EA0107B}"
EndProject
Global
	GlobalSection(SolutionConfigurationPlatforms) = preSolution
		Debug|Any CPU = Debug|Any CPU
		Debug|x64 = Debug|x64
		Debug|x86 = Debug|x86
		Release|Any CPU = Release|Any CPU
		Release|x64 = Release|x64
		Release|x86 = Release|x86
	EndGlobalSection
	GlobalSection(ProjectConfigurationPlatforms) = postSolution
		{2D62C8CC-8E35-44F6-B4A8-6D4AF6A0F57A}.Debug|Any CPU.ActiveCfg = Debug|Any CPU
		{2D62C8CC-8E35-44F6-B4A8-6D4AF6A0F57A}.Debug|Any CPU.Build.0 = Debug|Any CPU
		{2D62C8CC-8E35-44F6-B4A8-6D4AF6A0F57A}.Debug|x64.ActiveCfg = Debug|Any CPU
		{2D62C8CC-8E35-44F6-B4A8-6D4AF6A0F57A}.Debug|x64.Build.0 = Debug|Any CPU
		{2D62C8CC-8E35-44F6-B4A8-6D4AF6A0F57A}.Debug|x86.ActiveCfg = Debug|Any CPU
		{2D62C8CC-8E35-44F6-B4A8-6D4AF6A0F57A}.Debug|x86.Build.0 = Debug|Any CPU
		{2D62C8CC-8E35-44F6-B4A8-6D4AF6A0F57A}.Release|Any CPU.ActiveCfg = Release|Any CPU
		{2D62C8CC-8E35-44F6-B4A8-6D4AF6A0F57A}.Release|Any CPU.Build.0 = Release|Any CPU
		{2D62C8CC-8E35-44F6-B4A8-6D4AF6A0F57A}.Release|x64.ActiveCfg = Release|Any CPU
		{2D62C8CC-8E35-44F6-B4A8-6D4AF6A0F57A}.Release|x64.Build.0 = Release|Any CPU
		{2D62C8CC-8E35-44F6-B4A8-6D4AF6A0F57A}.Release|x86.ActiveCfg = Release|Any CPU
		{2D62C8CC-8E35-44F6-B4A8-6D4AF6A0F57A}.Release|x86.Build.0 = Release|Any CPU
		{B0BA1D7E-0C3A-4C36-B4B8-4D5BD7EE7114}.Debug|Any CPU.ActiveCfg = Debug|Any CPU
		{B0BA1D7E-0C3A-4C36-B4B8-4D5BD7EE7114}.Debug|Any CPU.Build.0 = Debug|Any CPU
		{B0BA1D7E-0C3A-4C36-B4B8-4D5BD7EE7114}.Debug|x64.ActiveCfg = Debug|Any CPU
		{B0BA1D7E-0C3A-4C36-B4B8-4D5BD7EE7114}.Debug|x64.Build.0 = Debug|Any CPU
		{B0BA1D7E-0C3A-4C36-B4B8-4D5BD7EE7114}.Debug|x86.ActiveCfg = Debug|Any CPU
		{B0BA1D7E-0C3A-4C36-B4B8-4D5BD7EE7114}.Debug|x86.Build.0 = Debug|Any CPU
		{B0BA1D7E-0C3A-4C36-B4B8-4D5BD7EE7114}.Release|Any CPU.ActiveCfg = Release|Any CPU
		{B0BA1D7E-0C3A-4C36-B4B8-4D5BD7EE7114}.Release|Any CPU.Build.0 = Release|Any CPU
		{B0BA1D7E-0C3A-4C36-B4B8-4D5BD7EE7114}.Release|x64.ActiveCfg = Release|Any CPU
		{B0BA1D7E-0C3A-4C36-B4B8-4D5BD7EE7114}.Release|x64.Build.0 = Release|Any CPU
		{B0BA1D7E-0C3A-4C36-B4B8-4D5BD7EE7114}.Release|x86.ActiveCfg = Release|Any CPU
		{B0BA1D7E-0C3A-4C36-B4B8-4D5BD7EE7114}.Release|x86.Build.0 = Release|Any CPU
		{4C6CC756-C2BE-42F8-8FE4-25E2E9B48D2E}.Debug|Any CPU.ActiveCfg = Debug|Any CPU
		{4C6CC756-C2BE-42F8-8FE4-25E2E9B48D2E}.Debug|Any CPU.Build.0 = Debug|Any CPU
		{4C6CC756-C2BE-42F8-8FE4-25E2E9B48D2E}.Debug|x64.ActiveCfg = Debug|Any CPU
		{4C6CC756-C2BE-42F8-8FE4-25E2E9B48D2E}.Debug|x64.Build.0 = Debug|Any CPU
		{4C6CC756-C2BE-42F8-8FE4-25E2E9B48D2E}.Debug|x86.ActiveCfg = Debug|Any CPU
		{4C6CC756-C2BE-42F8-8FE4-25E2E9B48D2E}.Debug|x86.Build.0 = Debug|Any CPU
		{4C6CC756-C2BE-42F8-8FE4-25E2E9B48D2E}.Release|Any CPU.ActiveCfg = Release|Any CPU
		{4C6CC756-C2BE-42F8-8FE4-25E2E9B48D2E}.Release|Any CPU.Build.0 = Release|Any CPU
		{4C6CC756-C2BE-42F8-8FE4-25E2E9B48D2E}.Release|x64.ActiveCfg = Release|Any CPU
		{4C6CC756-C2BE-42F8-8FE4-25E2E9B48D2E}.Release|x64.Build.0 = Release|Any CPU
		{4C6CC756-C2BE-42F8-8FE4-25E2E9B48D2E}.Release|x86.ActiveCfg = Release|Any CPU
		{4C6CC756-C2BE-42F8-8FE4-25E2E9B48D2E}.Release|x86.Build.0 = Release|Any CPU
		{A0D0A2A1-9EEA-4F21-BC7D-8A11E2E7D18B}.Debug|Any CPU.ActiveCfg = Debug|Any CPU
		{A0D0A2A1-9EEA-4F21-BC7D-8A11E2E7D18B}.Debug|Any CPU.Build.0 = Debug|Any CPU
		{A0D0A2A1-9EEA-4F21-BC7D-8A11E2E7D18B}.Debug|x64.ActiveCfg = Debug|Any CPU
		{A0D0A2A1-9EEA-4F21-BC7D-8A11E2E7D18B}.Debug|x64.Build.0 = Debug|Any CPU
		{A0D0A2A1-9EEA-4F21-BC7D-8A11E2E7D18B}.Debug|x86.ActiveCfg = Debug|Any CPU
		{A0D0A2A1-9EEA-4F21-BC7D-8A11E2E7D18B}.Debug|x86.Build.0 = Debug|Any CPU
		{A0D0A2A1-9EEA-4F21-BC7D-8A11E2E7D18B}.Release|Any CPU.ActiveCfg = Release|Any CPU
		{A0D0A2A1-9EEA-4F21-BC7D-8A11E2E7D18B}.Release|Any CPU.Build.0 = Release|Any CPU
		{A0D0A2A1-9EEA-4F21-BC7D-8A11E2E7D18B}.Release|x64.ActiveCfg = Release|Any CPU
		{A0D0A2A1-9EEA-4F21-BC7D-8A11E2E7D18B}.Release|x64.Build.0 = Release|Any CPU
		{A0D0A2A1-9EEA-4F21-BC7D-8A11E2E7D18B}.Release|x86.ActiveCfg = Release|Any CPU
		{A0D0A2A1-9EEA-4F21-BC7D-8A11E2E7D18B}.Release|x86.Build.0 = Release|Any CPU
		{B1E1B3B2-AFFB-4032-CD8E-9B22F3F8E29C}.Debug|Any CPU.ActiveCfg = Debug|Any CPU
		{B1E1B3B2-AFFB-4032-CD8E-9B22F3F8E29C}.Debug|Any CPU.Build.0 = Debug|Any CPU
		{B1E1B3B2-AFFB-4032-CD8E-9B22F3F8E29C}.Debug|x64.ActiveCfg = Debug|Any CPU
		{B1E1B3B2-AFFB-4032-CD8E-9B22F3F8E29C}.Debug|x64.Build.0 = Debug|Any CPU
		{B1E1B3B2-AFFB-4032-CD8E-9B22F3F8E29C}.Debug|x86.ActiveCfg = Debug|Any CPU
		{B1E1B3B2-AFFB-4032-CD8E-9B22F3F8E29C}.Debug|x86.Build.0 = Debug|Any CPU
		{B1E1B3B2-AFFB-4032-CD8E-9B22F3F8E29C}.Release|Any CPU.ActiveCfg = Release|Any CPU
		{B1E1B3B2-AFFB-4032-CD8E-9B22F3F8E29C}.Release|Any CPU.Build.0 = Release|Any CPU
		{B1E1B3B2-AFFB-4032-CD8E-9B22F3F8E29C}.Release|x64.ActiveCfg = Release|Any CPU
		{B1E1B3B2-AFFB-4032-CD8E-9B22F3F8E29C}.Release|x64.Build.0 = Release|Any CPU
		{B1E1B3B2-AFFB-4032-CD8E-9B22F3F8E29C}.Release|x86.ActiveCfg = Release|Any CPU
		{B1E1B3B2-AFFB-4032-CD8E-9B22F3F8E29C}.Release|x86.Build.0 = Release|Any CPU
		{C2F2C4C3-B0CC-4143-DE9F-AC33F409F3AD}.Debug|Any CPU.ActiveCfg = Debug|Any CPU
		{C2F2C4C3-B0CC-4143-DE9F-AC33F409F3AD}.Debug|Any CPU.Build.0 = Debug|Any CPU
		{C2F2C4C3-B0CC-4143-DE9F-AC33F409F3AD}.Debug|x64.ActiveCfg = Debug|Any CPU
		{C2F2C4C3-B0CC-4143-DE9F-AC33F409F3AD}.Debug|x64.Build.0 = Debug|Any CPU
		{C2F2C4C3-B0CC-4143-DE9F-AC33F409F3AD}.Debug|x86.ActiveCfg = Debug|Any CPU
		{C2F2C4C3-B0CC-4143-DE9F-AC33F409F3AD}.Debug|x86.Build.0 = Debug|Any CPU
		{C2F2C4C3-B0CC-4143-DE9F-AC33F409F3AD}.Release|Any CPU.ActiveCfg = Release|Any CPU
		{C2F2C4C3-B0CC-4143-DE9F-AC33F409F3AD}.Release|Any CPU.Build.0 = Release|Any CPU
		{C2F2C4C3-B0CC-4143-DE9F-AC33F409F3AD}.Release|x64.ActiveCfg = Release|Any CPU
		{C2F2C4C3-B0CC-4143-DE9F-AC33F409F3AD}.Release|x64.Build.0 = Release|Any CPU
		{C2F2C4C3-B0CC-4143-DE9F-AC33F409F3AD}.Release|x86.ActiveCfg = Release|Any CPU
		{C2F2C4C3-B0CC-4143-DE9F-AC33F409F3AD}.Release|x86.Build.0 = Release|Any CPU
		{D6B74E9F-3C22-4A65-AE4F-3F24BFCB6A01}.Debug|Any CPU.ActiveCfg = Debug|Any CPU
		{D6B74E9F-3C22-4A65-AE4F-3F24BFCB6A01}.Debug|Any CPU.Build.0 = Debug|Any CPU
		{D6B74E9F-3C22-4A65-AE4F-3F24BFCB6A01}.Debug|x64.ActiveCfg = Debug|Any CPU
		{D6B74E9F-3C22-4A65-AE4F-3F24BFCB6A01}.Debug|x64.Build.0 = Debug|Any CPU
		{D6B74E9F-3C22-4A65-AE4F-3F24BFCB6A01}.Debug|x86.ActiveCfg = Debug|Any CPU
		{D6B74E9F-3C22-4A65-AE4F-3F24BFCB6A01}.Debug|x86.Build.0 = Debug|Any CPU
		{D6B74E9F-3C22-4A65-AE4F-3F24BFCB6A01}.Release|Any CPU.ActiveCfg = Release|Any CPU
		{D6B74E9F-3C22-4A65-AE4F-3F24BFCB6A01}.Release|Any CPU.Build.0 = Release|Any CPU
		{D6B74E9F-3C22-4A65-AE4F-3F24BFCB6A01}.Release|x64.ActiveCfg = Release|Any CPU
		{D6B74E9F-3C22-4A65-AE4F-3F24BFCB6A01}.Release|x64.Build.0 = Release|Any CPU
		{D6B74E9F-3C22-4A65-AE4F-3F24BFCB6A01}.Release|x86.ActiveCfg = Release|Any CPU
		{D6B74E9F-3C22-4A65-AE4F-3F24BFCB6A01}.Release|x86.Build.0 = Release|Any CPU
		{E7C85FA0-4D33-4B76-BF50-4A35C0DC7B12}.Debug|Any CPU.ActiveCfg = Debug|Any CPU
		{E7C85FA0-4D33-4B76-BF50-4A35C0DC7B12}.Debug|Any CPU.Build.0 = Debug|Any CPU
		{E7C85FA0-4D33-4B76-BF50-4A35C0DC7B12}.Debug|x64.ActiveCfg = Debug|Any CPU
		{E7C85FA0-4D33-4B76-BF50-4A35C0DC7B12}.Debug|x64.Build.0 = Debug|Any CPU
		{E7C85FA0-4D33-4B76-BF50-4A35C0DC7B12}.Debug|x86.ActiveCfg = Debug|Any CPU
		{E7C85FA0-4D33-4B76-BF50-4A35C0DC7B12}.Debug|x86.Build.0 = Debug|Any CPU
		{E7C85FA0-4D33-4B76-BF50-4A35C0DC7B12}.Release|Any CPU.ActiveCfg = Release|Any CPU
		{E7C85FA0-4D33-4B76-BF50-4A35C0DC7B12}.Release|Any CPU.Build.0 = Release|Any CPU
		{E7C85FA0-4D33-4B76-BF50-4A35C0DC7B12}.Release|x64.ActiveCfg = Release|Any CPU
		{E7C85FA0-4D33-4B76-BF50-4A35C0DC7B12}.Release|x64.Build.0 = Release|Any CPU
		{E7C85FA0-4D33-4B76-BF50-4A35C0DC7B12}.Release|x86.ActiveCfg = Release|Any CPU
		{E7C85FA0-4D33-4B76-BF50-4A35C0DC7B12}.Release|x86.Build.0 = Release|Any CPU
		{F8D960B1-5E44-4C87-C061-5B46D0EC8C23}.Debug|Any CPU.ActiveCfg = Debug|Any CPU
		{F8D960B1-5E44-4C87-C061-5B46D0EC8C23}.Debug|Any CPU.Build.0 = Debug|Any CPU
		{F8D960B1-5E44-4C87-C061-5B46D0EC8C23}.Debug|x64.ActiveCfg = Debug|Any CPU
		{F8D960B1-5E44-4C87-C061-5B46D0EC8C23}.Debug|x64.Build.0 = Debug|Any CPU
		{F8D960B1-5E44-4C87-C061-5B46D0EC8C23}.Debug|x86.ActiveCfg = Debug|Any CPU
		{F8D960B1-5E44-4C87-C061-5B46D0EC8C23}.Debug|x86.Build.0 = Debug|Any CPU
		{F8D960B1-5E44-4C87-C061-5B46D0EC8C23}.Release|Any CPU.ActiveCfg = Release|Any CPU
		{F8D960B1-5E44-4C87-C061-5B46D0EC8C23}.Release|Any CPU.Build.0 = Release|Any CPU
		{F8D960B1-5E44-4C87-C061-5B46D0EC8C23}.Release|x64.ActiveCfg = Release|Any CPU
		{F8D960B1-5E44-4C87-C061-5B46D0EC8C23}.Release|x64.Build.0 = Release|Any CPU
		{F8D960B1-5E44-4C87-C061-5B46D0EC8C23}.Release|x86.ActiveCfg = Release|Any CPU
		{F8D960B1-5E44-4C87-C061-5B46D0EC8C23}.Release|x86.Build.0 = Release|Any CPU
		{A9EA71C2-6F55-4D98-D172-6C57E1FD9D34}.Debug|Any CPU.ActiveCfg = Debug|Any CPU
		{A9EA71C2-6F55-4D98-D172-6C57E1FD9D34}.Debug|Any CPU.Build.0 = Debug|Any CPU
		{A9EA71C2-6F55-4D98-D172-6C57E1FD9D34}.Debug|x64.ActiveCfg = Debug|Any CPU
		{A9EA71C2-6F55-4D98-D172-6C57E1FD9D34}.Debug|x64.Build.0 = Debug|Any CPU
		{A9EA71C2-6F55-4D98-D172-6C57E1FD9D34}.Debug|x86.ActiveCfg = Debug|Any CPU
		{A9EA71C2-6F55-4D98-D172-6C57E1FD9D34}.Debug|x86.Build.0 = Debug|Any CPU
		{A9EA71C2-6F55-4D98-D172-6C57E1FD9D34}.Release|Any CPU.ActiveCfg = Release|Any CPU
		{A9EA71C2-6F55-4D98-D172-6C57E1FD9D34}.Release|Any CPU.Build.0 = Release|Any CPU
		{A9EA71C2-6F55-4D98-D172-6C57E1FD9D34}.Release|x64.ActiveCfg = Release|Any CPU
		{A9EA71C2-6F55-4D98-D172-6C57E1FD9D34}.Release|x64.Build.0 = Release|Any CPU
		{A9EA71C2-6F55-4D98-D172-6C57E1FD9D34}.Release|x86.ActiveCfg = Release|Any CPU
		{A9EA71C2-6F55-4D98-D172-6C57E1FD9D34}.Release|x86.Build.0 = Release|Any CPU
		{E4F4E4F4-D5D5-46F6-A7A7-8B8B8B8B8B8B}.Debug|Any CPU.ActiveCfg = Debug|Any CPU
		{E4F4E4F4-D5D5-46F6-A7A7-8B8B8B8B8B8B}.Debug|Any CPU.Build.0 = Debug|Any CPU
		{E4F4E4F4-D5D5-46F6-A7A7-8B8B8B8B8B8B}.Debug|x64.ActiveCfg = Debug|Any CPU
		{E4F4E4F4-D5D5-46F6-A7A7-8B8B8B8B8B8B}.Debug|x64.Build.0 = Debug|Any CPU
		{E4F4E4F4-D5D5-46F6-A7A7-8B8B8B8B8B8B}.Debug|x86.ActiveCfg = Debug|Any CPU
		{E4F4E4F4-D5D5-46F6-A7A7-8B8B8B8B8B8B}.Debug|x86.Build.0 = Debug|Any CPU
		{E4F4E4F4-D5D5-46F6-A7A7-8B8B8B8B8B8B}.Release|Any CPU.ActiveCfg = Release|Any CPU
		{E4F4E4F4-D5D5-46F6-A7A7-8B8B8B8B8B8B}.Release|Any CPU.Build.0 = Release|Any CPU
		{E4F4E4F4-D5D5-46F6-A7A7-8B8B8B8B8B8B}.Release|x64.ActiveCfg = Release|Any CPU
		{E4F4E4F4-D5D5-46F6-A7A7-8B8B8B8B8B8B}.Release|x64.Build.0 = Release|Any CPU
		{E4F4E4F4-D5D5-46F6-A7A7-8B8B8B8B8B8B}.Release|x86.ActiveCfg = Release|Any CPU
		{E4F4E4F4-D5D5-46F6-A7A7-8B8B8B8B8B8B}.Release|x86.Build.0 = Release|Any CPU
		{F5F5F5F5-E6E6-47F7-B8B8-9C9C9C9C9C9C}.Debug|Any CPU.ActiveCfg = Debug|Any CPU
		{F5F5F5F5-E6E6-47F7-B8B8-9C9C9C9C9C9C}.Debug|Any CPU.Build.0 = Debug|Any CPU
		{F5F5F5F5-E6E6-47F7-B8B8-9C9C9C9C9C9C}.Debug|x64.ActiveCfg = Debug|Any CPU
		{F5F5F5F5-E6E6-47F7-B8B8-9C9C9C9C9C9C}.Debug|x64.Build.0 = Debug|Any CPU
		{F5F5F5F5-E6E6-47F7-B8B8-9C9C9C9C9C9C}.Debug|x86.ActiveCfg = Debug|Any CPU
		{F5F5F5F5-E6E6-47F7-B8B8-9C9C9C9C9C9C}.Debug|x86.Build.0 = Debug|Any CPU
		{F5F5F5F5-E6E6-47F7-B8B8-9C9C9C9C9C9C}.Release|Any CPU.ActiveCfg = Release|Any CPU
		{F5F5F5F5-E6E6-47F7-B8B8-9C9C9C9C9C9C}.Release|Any CPU.Build.0 = Release|Any CPU
		{F5F5F5F5-E6E6-47F7-B8B8-9C9C9C9C9C9C}.Release|x64.ActiveCfg = Release|Any CPU
		{F5F5F5F5-E6E6-47F7-B8B8-9C9C9C9C9C9C}.Release|x64.Build.0 = Release|Any CPU
		{F5F5F5F5-E6E6-47F7-B8B8-9C9C9C9C9C9C}.Release|x86.ActiveCfg = Release|Any CPU
		{F5F5F5F5-E6E6-47F7-B8B8-9C9C9C9C9C9C}.Release|x86.Build.0 = Release|Any CPU
		{A6A6A6A6-A7A7-48A8-B9B9-0D0D0D0D0D0D}.Debug|Any CPU.ActiveCfg = Debug|Any CPU
		{A6A6A6A6-A7A7-48A8-B9B9-0D0D0D0D0D0D}.Debug|Any CPU.Build.0 = Debug|Any CPU
		{A6A6A6A6-A7A7-48A8-B9B9-0D0D0D0D0D0D}.Debug|x64.ActiveCfg = Debug|Any CPU
		{A6A6A6A6-A7A7-48A8-B9B9-0D0D0D0D0D0D}.Debug|x64.Build.0 = Debug|Any CPU
		{A6A6A6A6-A7A7-48A8-B9B9-0D0D0D0D0D0D}.Debug|x86.ActiveCfg = Debug|Any CPU
		{A6A6A6A6-A7A7-48A8-B9B9-0D0D0D0D0D0D}.Debug|x86.Build.0 = Debug|Any CPU
		{A6A6A6A6-A7A7-48A8-B9B9-0D0D0D0D0D0D}.Release|Any CPU.ActiveCfg = Release|Any CPU
		{A6A6A6A6-A7A7-48A8-B9B9-0D0D0D0D0D0D}.Release|Any CPU.Build.0 = Release|Any CPU
		{A6A6A6A6-A7A7-48A8-B9B9-0D0D0D0D0D0D}.Release|x64.ActiveCfg = Release|Any CPU
		{A6A6A6A6-A7A7-48A8-B9B9-0D0D0D0D0D0D}.Release|x64.Build.0 = Release|Any CPU
		{A6A6A6A6-A7A7-48A8-B9B9-0D0D0D0D0D0D}.Release|x86.ActiveCfg = Release|Any CPU
		{A6A6A6A6-A7A7-48A8-B9B9-0D0D0D0D0D0D}.Release|x86.Build.0 = Release|Any CPU
		{B7B7B7B7-B8B8-49B9-C0C0-1E1E1E1E1E1E}.Debug|Any CPU.ActiveCfg = Debug|Any CPU
		{B7B7B7B7-B8B8-49B9-C0C0-1E1E1E1E1E1E}.Debug|Any CPU.Build.0 = Debug|Any CPU
		{B7B7B7B7-B8B8-49B9-C0C0-1E1E1E1E1E1E}.Debug|x64.ActiveCfg = Debug|Any CPU
		{B7B7B7B7-B8B8-49B9-C0C0-1E1E1E1E1E1E}.Debug|x64.Build.0 = Debug|Any CPU
		{B7B7B7B7-B8B8-49B9-C0C0-1E1E1E1E1E1E}.Debug|x86.ActiveCfg = Debug|Any CPU
		{B7B7B7B7-B8B8-49B9-C0C0-1E1E1E1E1E1E}.Debug|x86.Build.0 = Debug|Any CPU
		{B7B7B7B7-B8B8-49B9-C0C0-1E1E1E1E1E1E}.Release|Any CPU.ActiveCfg = Release|Any CPU
		{B7B7B7B7-B8B8-49B9-C0C0-1E1E1E1E1E1E}.Release|Any CPU.Build.0 = Release|Any CPU
		{B7B7B7B7-B8B8-49B9-C0C0-1E1E1E1E1E1E}.Release|x64.ActiveCfg = Release|Any CPU
		{B7B7B7B7-B8B8-49B9-C0C0-1E1E1E1E1E1E}.Release|x64.Build.0 = Release|Any CPU
		{B7B7B7B7-B8B8-49B9-C0C0-1E1E1E1E1E1E}.Release|x86.ActiveCfg = Release|Any CPU
		{B7B7B7B7-B8B8-49B9-C0C0-1E1E1E1E1E1E}.Release|x86.Build.0 = Release|Any CPU
		{C8C8C8C8-C9C9-4AC0-D1D1-2F2F2F2F2F2F}.Debug|Any CPU.ActiveCfg = Debug|Any CPU
		{C8C8C8C8-C9C9-4AC0-D1D1-2F2F2F2F2F2F}.Debug|Any CPU.Build.0 = Debug|Any CPU
		{C8C8C8C8-C9C9-4AC0-D1D1-2F2F2F2F2F2F}.Debug|x64.ActiveCfg = Debug|Any CPU
		{C8C8C8C8-C9C9-4AC0-D1D1-2F2F2F2F2F2F}.Debug|x64.Build.0 = Debug|Any CPU
		{C8C8C8C8-C9C9-4AC0-D1D1-2F2F2F2F2F2F}.Debug|x86.ActiveCfg = Debug|Any CPU
		{C8C8C8C8-C9C9-4AC0-D1D1-2F2F2F2F2F2F}.Debug|x86.Build.0 = Debug|Any CPU
		{C8C8C8C8-C9C9-4AC0-D1D1-2F2F2F2F2F2F}.Release|Any CPU.ActiveCfg = Release|Any CPU
		{C8C8C8C8-C9C9-4AC0-D1D1-2F2F2F2F2F2F}.Release|Any CPU.Build.0 = Release|Any CPU
		{C8C8C8C8-C9C9-4AC0-D1D1-2F2F2F2F2F2F}.Release|x64.ActiveCfg = Release|Any CPU
		{C8C8C8C8-C9C9-4AC0-D1D1-2F2F2F2F2F2F}.Release|x64.Build.0 = Release|Any CPU
		{C8C8C8C8-C9C9-4AC0-D1D1-2F2F2F2F2F2F}.Release|x86.ActiveCfg = Release|Any CPU
		{C8C8C8C8-C9C9-4AC0-D1D1-2F2F2F2F2F2F}.Release|x86.Build.0 = Release|Any CPU
		{D3F3D5D4-C1DD-4254-EFA0-BD44051A04BE}.Debug|Any CPU.ActiveCfg = Debug|Any CPU
		{D3F3D5D4-C1DD-4254-EFA0-BD44051A04BE}.Debug|Any CPU.Build.0 = Debug|Any CPU
		{D3F3D5D4-C1DD-4254-EFA0-BD44051A04BE}.Debug|x64.ActiveCfg = Debug|Any CPU
		{D3F3D5D4-C1DD-4254-EFA0-BD44051A04BE}.Debug|x64.Build.0 = Debug|Any CPU
		{D3F3D5D4-C1DD-4254-EFA0-BD44051A04BE}.Debug|x86.ActiveCfg = Debug|Any CPU
		{D3F3D5D4-C1DD-4254-EFA0-BD44051A04BE}.Debug|x86.Build.0 = Debug|Any CPU
		{D3F3D5D4-C1DD-4254-EFA0-BD44051A04BE}.Release|Any CPU.ActiveCfg = Release|Any CPU
		{D3F3D5D4-C1DD-4254-EFA0-BD44051A04BE}.Release|Any CPU.Build.0 = Release|Any CPU
		{D3F3D5D4-C1DD-4254-EFA0-BD44051A04BE}.Release|x64.ActiveCfg = Release|Any CPU
		{D3F3D5D4-C1DD-4254-EFA0-BD44051A04BE}.Release|x64.Build.0 = Release|Any CPU
		{D3F3D5D4-C1DD-4254-EFA0-BD44051A04BE}.Release|x86.ActiveCfg = Release|Any CPU
		{D3F3D5D4-C1DD-4254-EFA0-BD44051A04BE}.Release|x86.Build.0 = Release|Any CPU
		{CDE5F040-C40C-4573-A628-6D42847FAF2C}.Debug|Any CPU.ActiveCfg = Debug|Any CPU
		{CDE5F040-C40C-4573-A628-6D42847FAF2C}.Debug|Any CPU.Build.0 = Debug|Any CPU
		{CDE5F040-C40C-4573-A628-6D42847FAF2C}.Debug|x64.ActiveCfg = Debug|Any CPU
		{CDE5F040-C40C-4573-A628-6D42847FAF2C}.Debug|x64.Build.0 = Debug|Any CPU
		{CDE5F040-C40C-4573-A628-6D42847FAF2C}.Debug|x86.ActiveCfg = Debug|Any CPU
		{CDE5F040-C40C-4573-A628-6D42847FAF2C}.Debug|x86.Build.0 = Debug|Any CPU
		{CDE5F040-C40C-4573-A628-6D42847FAF2C}.Release|Any CPU.ActiveCfg = Release|Any CPU
		{CDE5F040-C40C-4573-A628-6D42847FAF2C}.Release|Any CPU.Build.0 = Release|Any CPU
		{CDE5F040-C40C-4573-A628-6D42847FAF2C}.Release|x64.ActiveCfg = Release|Any CPU
		{CDE5F040-C40C-4573-A628-6D42847FAF2C}.Release|x64.Build.0 = Release|Any CPU
		{CDE5F040-C40C-4573-A628-6D42847FAF2C}.Release|x86.ActiveCfg = Release|Any CPU
		{CDE5F040-C40C-4573-A628-6D42847FAF2C}.Release|x86.Build.0 = Release|Any CPU
		{B13A572C-6BFF-479C-9F42-ED79C302B7F6}.Debug|Any CPU.ActiveCfg = Debug|Any CPU
		{B13A572C-6BFF-479C-9F42-ED79C302B7F6}.Debug|Any CPU.Build.0 = Debug|Any CPU
		{B13A572C-6BFF-479C-9F42-ED79C302B7F6}.Debug|x64.ActiveCfg = Debug|Any CPU
		{B13A572C-6BFF-479C-9F42-ED79C302B7F6}.Debug|x64.Build.0 = Debug|Any CPU
		{B13A572C-6BFF-479C-9F42-ED79C302B7F6}.Debug|x86.ActiveCfg = Debug|Any CPU
		{B13A572C-6BFF-479C-9F42-ED79C302B7F6}.Debug|x86.Build.0 = Debug|Any CPU
		{B13A572C-6BFF-479C-9F42-ED79C302B7F6}.Release|Any CPU.ActiveCfg = Release|Any CPU
		{B13A572C-6BFF-479C-9F42-ED79C302B7F6}.Release|Any CPU.Build.0 = Release|Any CPU
		{B13A572C-6BFF-479C-9F42-ED79C302B7F6}.Release|x64.ActiveCfg = Release|Any CPU
		{B13A572C-6BFF-479C-9F42-ED79C302B7F6}.Release|x64.Build.0 = Release|Any CPU
		{B13A572C-6BFF-479C-9F42-ED79C302B7F6}.Release|x86.ActiveCfg = Release|Any CPU
		{B13A572C-6BFF-479C-9F42-ED79C302B7F6}.Release|x86.Build.0 = Release|Any CPU
		{7855F478-7797-4244-9D9A-443FF183D5A0}.Debug|Any CPU.ActiveCfg = Debug|Any CPU
		{7855F478-7797-4244-9D9A-443FF183D5A0}.Debug|Any CPU.Build.0 = Debug|Any CPU
		{7855F478-7797-4244-9D9A-443FF183D5A0}.Debug|x64.ActiveCfg = Debug|Any CPU
		{7855F478-7797-4244-9D9A-443FF183D5A0}.Debug|x64.Build.0 = Debug|Any CPU
		{7855F478-7797-4244-9D9A-443FF183D5A0}.Debug|x86.ActiveCfg = Debug|Any CPU
		{7855F478-7797-4244-9D9A-443FF183D5A0}.Debug|x86.Build.0 = Debug|Any CPU
		{7855F478-7797-4244-9D9A-443FF183D5A0}.Release|Any CPU.ActiveCfg = Release|Any CPU
		{7855F478-7797-4244-9D9A-443FF183D5A0}.Release|Any CPU.Build.0 = Release|Any CPU
		{7855F478-7797-4244-9D9A-443FF183D5A0}.Release|x64.ActiveCfg = Release|Any CPU
		{7855F478-7797-4244-9D9A-443FF183D5A0}.Release|x64.Build.0 = Release|Any CPU
		{7855F478-7797-4244-9D9A-443FF183D5A0}.Release|x86.ActiveCfg = Release|Any CPU
		{7855F478-7797-4244-9D9A-443FF183D5A0}.Release|x86.Build.0 = Release|Any CPU
		{52A3830B-E944-4390-8C2A-088FBF5D9CF2}.Debug|Any CPU.ActiveCfg = Debug|Any CPU
		{52A3830B-E944-4390-8C2A-088FBF5D9CF2}.Debug|Any CPU.Build.0 = Debug|Any CPU
		{52A3830B-E944-4390-8C2A-088FBF5D9CF2}.Debug|x64.ActiveCfg = Debug|Any CPU
		{52A3830B-E944-4390-8C2A-088FBF5D9CF2}.Debug|x64.Build.0 = Debug|Any CPU
		{52A3830B-E944-4390-8C2A-088FBF5D9CF2}.Debug|x86.ActiveCfg = Debug|Any CPU
		{52A3830B-E944-4390-8C2A-088FBF5D9CF2}.Debug|x86.Build.0 = Debug|Any CPU
		{52A3830B-E944-4390-8C2A-088FBF5D9CF2}.Release|Any CPU.ActiveCfg = Release|Any CPU
		{52A3830B-E944-4390-8C2A-088FBF5D9CF2}.Release|Any CPU.Build.0 = Release|Any CPU
		{52A3830B-E944-4390-8C2A-088FBF5D9CF2}.Release|x64.ActiveCfg = Release|Any CPU
		{52A3830B-E944-4390-8C2A-088FBF5D9CF2}.Release|x64.Build.0 = Release|Any CPU
		{52A3830B-E944-4390-8C2A-088FBF5D9CF2}.Release|x86.ActiveCfg = Release|Any CPU
		{52A3830B-E944-4390-8C2A-088FBF5D9CF2}.Release|x86.Build.0 = Release|Any CPU
		{584EFEDF-5212-4CF1-A52E-E79F357DDCBA}.Debug|Any CPU.ActiveCfg = Debug|Any CPU
		{584EFEDF-5212-4CF1-A52E-E79F357DDCBA}.Debug|Any CPU.Build.0 = Debug|Any CPU
		{584EFEDF-5212-4CF1-A52E-E79F357DDCBA}.Debug|x64.ActiveCfg = Debug|Any CPU
		{584EFEDF-5212-4CF1-A52E-E79F357DDCBA}.Debug|x64.Build.0 = Debug|Any CPU
		{584EFEDF-5212-4CF1-A52E-E79F357DDCBA}.Debug|x86.ActiveCfg = Debug|Any CPU
		{584EFEDF-5212-4CF1-A52E-E79F357DDCBA}.Debug|x86.Build.0 = Debug|Any CPU
		{584EFEDF-5212-4CF1-A52E-E79F357DDCBA}.Release|Any CPU.ActiveCfg = Release|Any CPU
		{584EFEDF-5212-4CF1-A52E-E79F357DDCBA}.Release|Any CPU.Build.0 = Release|Any CPU
		{584EFEDF-5212-4CF1-A52E-E79F357DDCBA}.Release|x64.ActiveCfg = Release|Any CPU
		{584EFEDF-5212-4CF1-A52E-E79F357DDCBA}.Release|x64.Build.0 = Release|Any CPU
		{584EFEDF-5212-4CF1-A52E-E79F357DDCBA}.Release|x86.ActiveCfg = Release|Any CPU
		{584EFEDF-5212-4CF1-A52E-E79F357DDCBA}.Release|x86.Build.0 = Release|Any CPU
		{7B2C4D19-8A3E-4F57-9C61-2D4E5F607182}.Debug|Any CPU.ActiveCfg = Debug|Any CPU
		{7B2C4D19-8A3E-4F57-9C61-2D4E5F607182}.Debug|Any CPU.Build.0 = Debug|Any CPU
		{7B2C4D19-8A3E-4F57-9C61-2D4E5F607182}.Debug|x64.ActiveCfg = Debug|Any CPU
		{7B2C4D19-8A3E-4F57-9C61-2D4E5F607182}.Debug|x64.Build.0 = Debug|Any CPU
		{7B2C4D19-8A3E-4F57-9C61-2D4E5F607182}.Debug|x86.ActiveCfg = Debug|Any CPU
		{7B2C4D19-8A3E-4F57-9C61-2D4E5F607182}.Debug|x86.Build.0 = Debug|Any CPU
		{7B2C4D19-8A3E-4F57-9C61-2D4E5F607182}.Release|Any CPU.ActiveCfg = Release|Any CPU
		{7B2C4D19-8A3E-4F57-9C61-2D4E5F607182}.Release|Any CPU.Build.0 = Release|Any CPU
		{7B2C4D19-8A3E-4F57-9C61-2D4E5F607182}.Release|x64.ActiveCfg = Release|Any CPU
		{7B2C4D19-8A3E-4F57-9C61-2D4E5F607182}.Release|x64.Build.0 = Release|Any CPU
		{7B2C4D19-8A3E-4F57-9C61-2D4E5F607182}.Release|x86.ActiveCfg = Release|Any CPU
		{7B2C4D19-8A3E-4F57-9C61-2D4E5F607182}.Release|x86.Build.0 = Release|Any CPU
		{9E4F6A2B-1C8D-4E39-AF52-6B7C8D9E0F13}.Debug|Any CPU.ActiveCfg = Debug|Any CPU
		{9E4F6A2B-1C8D-4E39-AF52-6B7C8D9E0F13}.Debug|Any CPU.Build.0 = Debug|Any CPU
		{9E4F6A2B-1C8D-4E39-AF52-6B7C8D9E0F13}.Debug|x64.ActiveCfg = Debug|Any CPU
		{9E4F6A2B-1C8D-4E39-AF52-6B7C8D9E0F13}.Debug|x64.Build.0 = Debug|Any CPU
		{9E4F6A2B-1C8D-4E39-AF52-6B7C8D9E0F13}.Debug|x86.ActiveCfg = Debug|Any CPU
		{9E4F6A2B-1C8D-4E39-AF52-6B7C8D9E0F13}.Debug|x86.Build.0 = Debug|Any CPU
		{9E4F6A2B-1C8D-4E39-AF52-6B7C8D9E0F13}.Release|Any CPU.ActiveCfg = Release|Any CPU
		{9E4F6A2B-1C8D-4E39-AF52-6B7C8D9E0F13}.Release|Any CPU.Build.0 = Release|Any CPU
		{9E4F6A2B-1C8D-4E39-AF52-6B7C8D9E0F13}.Release|x64.ActiveCfg = Release|Any CPU
		{9E4F6A2B-1C8D-4E39-AF52-6B7C8D9E0F13}.Release|x64.Build.0 = Release|Any CPU
		{9E4F6A2B-1C8D-4E39-AF52-6B7C8D9E0F13}.Release|x86.ActiveCfg = Release|Any CPU
		{9E4F6A2B-1C8D-4E39-AF52-6B7C8D9E0F13}.Release|x86.Build.0 = Release|Any CPU
		{D6EA1A95-8936-4734-ACB5-AF559BFC2DD3}.Debug|Any CPU.ActiveCfg = Debug|Any CPU
		{D6EA1A95-8936-4734-ACB5-AF559BFC2DD3}.Debug|Any CPU.Build.0 = Debug|Any CPU
		{D6EA1A95-8936-4734-ACB5-AF559BFC2DD3}.Debug|x64.ActiveCfg = Debug|Any CPU
		{D6EA1A95-8936-4734-ACB5-AF559BFC2DD3}.Debug|x64.Build.0 = Debug|Any CPU
		{D6EA1A95-8936-4734-ACB5-AF559BFC2DD3}.Debug|x86.ActiveCfg = Debug|Any CPU
		{D6EA1A95-8936-4734-ACB5-AF559BFC2DD3}.Debug|x86.Build.0 = Debug|Any CPU
		{D6EA1A95-8936-4734-ACB5-AF559BFC2DD3}.Release|Any CPU.ActiveCfg = Release|Any CPU
		{D6EA1A95-8936-4734-ACB5-AF559BFC2DD3}.Release|Any CPU.Build.0 = Release|Any CPU
		{D6EA1A95-8936-4734-ACB5-AF559BFC2DD3}.Release|x64.ActiveCfg = Release|Any CPU
		{D6EA1A95-8936-4734-ACB5-AF559BFC2DD3}.Release|x64.Build.0 = Release|Any CPU
		{D6EA1A95-8936-4734-ACB5-AF559BFC2DD3}.Release|x86.ActiveCfg = Release|Any CPU
		{D6EA1A95-8936-4734-ACB5-AF559BFC2DD3}.Release|x86.Build.0 = Release|Any CPU
		{B19856B1-D9DD-42AC-886D-742533C6559D}.Debug|Any CPU.ActiveCfg = Debug|Any CPU
		{B19856B1-D9DD-42AC-886D-742533C6559D}.Debug|Any CPU.Build.0 = Debug|Any CPU
		{B19856B1-D9DD-42AC-886D-742533C6559D}.Debug|x64.ActiveCfg = Debug|Any CPU
		{B19856B1-D9DD-42AC-886D-742533C6559D}.Debug|x64.Build.0 = Debug|Any CPU
		{B19856B1-D9DD-42AC-886D-742533C6559D}.Debug|x86.ActiveCfg = Debug|Any CPU
		{B19856B1-D9DD-42AC-886D-742533C6559D}.Debug|x86.Build.0 = Debug|Any CPU
		{B19856B1-D9DD-42AC-886D-742533C6559D}.Release|Any CPU.ActiveCfg = Release|Any CPU
		{B19856B1-D9DD-42AC-886D-742533C6559D}.Release|Any CPU.Build.0 = Release|Any CPU
		{B19856B1-D9DD-42AC-886D-742533C6559D}.Release|x64.ActiveCfg = Release|Any CPU
		{B19856B1-D9DD-42AC-886D-742533C6559D}.Release|x64.Build.0 = Release|Any CPU
		{B19856B1-D9DD-42AC-886D-742533C6559D}.Release|x86.ActiveCfg = Release|Any CPU
		{B19856B1-D9DD-42AC-886D-742533C6559D}.Release|x86.Build.0 = Release|Any CPU
		{3050F318-350A-4AC3-A1D6-EC88114540E7}.Debug|Any CPU.ActiveCfg = Debug|Any CPU
		{3050F318-350A-4AC3-A1D6-EC88114540E7}.Debug|Any CPU.Build.0 = Debug|Any CPU
		{3050F318-350A-4AC3-A1D6-EC88114540E7}.Debug|x64.ActiveCfg = Debug|Any CPU
		{3050F318-350A-4AC3-A1D6-EC88114540E7}.Debug|x64.Build.0 = Debug|Any CPU
		{3050F318-350A-4AC3-A1D6-EC88114540E7}.Debug|x86.ActiveCfg = Debug|Any CPU
		{3050F318-350A-4AC3-A1D6-EC88114540E7}.Debug|x86.Build.0 = Debug|Any CPU
		{3050F318-350A-4AC3-A1D6-EC88114540E7}.Release|Any CPU.ActiveCfg = Release|Any CPU
		{3050F318-350A-4AC3-A1D6-EC88114540E7}.Release|Any CPU.Build.0 = Release|Any CPU
		{3050F318-350A-4AC3-A1D6-EC88114540E7}.Release|x64.ActiveCfg = Release|Any CPU
		{3050F318-350A-4AC3-A1D6-EC88114540E7}.Release|x64.Build.0 = Release|Any CPU
		{3050F318-350A-4AC3-A1D6-EC88114540E7}.Release|x86.ActiveCfg = Release|Any CPU
		{3050F318-350A-4AC3-A1D6-EC88114540E7}.Release|x86.Build.0 = Release|Any CPU
		{DD0BDC7E-8C9E-4A52-A517-B44624DD008E}.Debug|Any CPU.ActiveCfg = Debug|Any CPU
		{DD0BDC7E-8C9E-4A52-A517-B44624DD008E}.Debug|Any CPU.Build.0 = Debug|Any CPU
		{DD0BDC7E-8C9E-4A52-A517-B44624DD008E}.Debug|x64.ActiveCfg = Debug|Any CPU
		{DD0BDC7E-8C9E-4A52-A517-B44624DD008E}.Debug|x64.Build.0 = Debug|Any CPU
		{DD0BDC7E-8C9E-4A52-A517-B44624DD008E}.Debug|x86.ActiveCfg = Debug|Any CPU
		{DD0BDC7E-8C9E-4A52-A517-B44624DD008E}.Debug|x86.Build.0 = Debug|Any CPU
		{DD0BDC7E-8C9E-4A52-A517-B44624DD008E}.Release|Any CPU.ActiveCfg = Release|Any CPU
		{DD0BDC7E-8C9E-4A52-A517-B44624DD008E}.Release|Any CPU.Build.0 = Release|Any CPU
		{DD0BDC7E-8C9E-4A52-A517-B44624DD008E}.Release|x64.ActiveCfg = Release|Any CPU
		{DD0BDC7E-8C9E-4A52-A517-B44624DD008E}.Release|x64.Build.0 = Release|Any CPU
		{DD0BDC7E-8C9E-4A52-A517-B44624DD008E}.Release|x86.ActiveCfg = Release|Any CPU
		{DD0BDC7E-8C9E-4A52-A517-B44624DD008E}.Release|x86.Build.0 = Release|Any CPU
		{0801E81E-F67C-4ECB-B01C-EC85A9276C28}.Debug|Any CPU.ActiveCfg = Debug|Any CPU
		{0801E81E-F67C-4ECB-B01C-EC85A9276C28}.Debug|Any CPU.Build.0 = Debug|Any CPU
		{0801E81E-F67C-4ECB-B01C-EC85A9276C28}.Debug|x64.ActiveCfg = Debug|Any CPU
		{0801E81E-F67C-4ECB-B01C-EC85A9276C28}.Debug|x64.Build.0 = Debug|Any CPU
		{0801E81E-F67C-4ECB-B01C-EC85A9276C28}.Debug|x86.ActiveCfg = Debug|Any CPU
		{0801E81E-F67C-4ECB-B01C-EC85A9276C28}.Debug|x86.Build.0 = Debug|Any CPU
		{0801E81E-F67C-4ECB-B01C-EC85A9276C28}.Release|Any CPU.ActiveCfg = Release|Any CPU
		{0801E81E-F67C-4ECB-B01C-EC85A9276C28}.Release|Any CPU.Build.0 = Release|Any CPU
		{0801E81E-F67C-4ECB-B01C-EC85A9276C28}.Release|x64.ActiveCfg = Release|Any CPU
		{0801E81E-F67C-4ECB-B01C-EC85A9276C28}.Release|x64.Build.0 = Release|Any CPU
		{0801E81E-F67C-4ECB-B01C-EC85A9276C28}.Release|x86.ActiveCfg = Release|Any CPU
		{0801E81E-F67C-4ECB-B01C-EC85A9276C28}.Release|x86.Build.0 = Release|Any CPU
		{0BC06F8D-6E9C-4954-87DC-1F80965A5C62}.Debug|Any CPU.ActiveCfg = Debug|Any CPU
		{0BC06F8D-6E9C-4954-87DC-1F80965A5C62}.Debug|Any CPU.Build.0 = Debug|Any CPU
		{0BC06F8D-6E9C-4954-87DC-1F80965A5C62}.Debug|x64.ActiveCfg = Debug|Any CPU
		{0BC06F8D-6E9C-4954-87DC-1F80965A5C62}.Debug|x64.Build.0 = Debug|Any CPU
		{0BC06F8D-6E9C-4954-87DC-1F80965A5C62}.Debug|x86.ActiveCfg = Debug|Any CPU
		{0BC06F8D-6E9C-4954-87DC-1F80965A5C62}.Debug|x86.Build.0 = Debug|Any CPU
		{0BC06F8D-6E9C-4954-87DC-1F80965A5C62}.Release|Any CPU.ActiveCfg = Release|Any CPU
		{0BC06F8D-6E9C-4954-87DC-1F80965A5C62}.Release|Any CPU.Build.0 = Release|Any CPU
		{0BC06F8D-6E9C-4954-87DC-1F80965A5C62}.Release|x64.ActiveCfg = Release|Any CPU
		{0BC06F8D-6E9C-4954-87DC-1F80965A5C62}.Release|x64.Build.0 = Release|Any CPU
		{0BC06F8D-6E9C-4954-87DC-1F80965A5C62}.Release|x86.ActiveCfg = Release|Any CPU
		{0BC06F8D-6E9C-4954-87DC-1F80965A5C62}.Release|x86.Build.0 = Release|Any CPU
		{48B58655-5DAD-422F-908C-C066B57C5FCE}.Debug|Any CPU.ActiveCfg = Debug|Any CPU
		{48B58655-5DAD-422F-908C-C066B57C5FCE}.Debug|Any CPU.Build.0 = Debug|Any CPU
		{48B58655-5DAD-422F-908C-C066B57C5FCE}.Debug|x64.ActiveCfg = Debug|Any CPU
		{48B58655-5DAD-422F-908C-C066B57C5FCE}.Debug|x64.Build.0 = Debug|Any CPU
		{48B58655-5DAD-422F-908C-C066B57C5FCE}.Debug|x86.ActiveCfg = Debug|Any CPU
		{48B58655-5DAD-422F-908C-C066B57C5FCE}.Debug|x86.Build.0 = Debug|Any CPU
		{48B58655-5DAD-422F-908C-C066B57C5FCE}.Release|Any CPU.ActiveCfg = Release|Any CPU
		{48B58655-5DAD-422F-908C-C066B57C5FCE}.Release|Any CPU.Build.0 = Release|Any CPU
		{48B58655-5DAD-422F-908C-C066B57C5FCE}.Release|x64.ActiveCfg = Release|Any CPU
		{48B58655-5DAD-422F-908C-C066B57C5FCE}.Release|x64.Build.0 = Release|Any CPU
		{48B58655-5DAD-422F-908C-C066B57C5FCE}.Release|x86.ActiveCfg = Release|Any CPU
		{48B58655-5DAD-422F-908C-C066B57C5FCE}.Release|x86.Build.0 = Release|Any CPU
		{BCDF316E-D9F9-4348-B38F-3E44B6020804}.Debug|Any CPU.ActiveCfg = Debug|Any CPU
		{BCDF316E-D9F9-4348-B38F-3E44B6020804}.Debug|Any CPU.Build.0 = Debug|Any CPU
		{BCDF316E-D9F9-4348-B38F-3E44B6020804}.Debug|x64.ActiveCfg = Debug|Any CPU
		{BCDF316E-D9F9-4348-B38F-3E44B6020804}.Debug|x64.Build.0 = Debug|Any CPU
		{BCDF316E-D9F9-4348-B38F-3E44B6020804}.Debug|x86.ActiveCfg = Debug|Any CPU
		{BCDF316E-D9F9-4348-B38F-3E44B6020804}.Debug|x86.Build.0 = Debug|Any CPU
		{BCDF316E-D9F9-4348-B38F-3E44B6020804}.Release|Any CPU.ActiveCfg = Release|Any CPU
		{BCDF316E-D9F9-4348-B38F-3E44B6020804}.Release|Any CPU.Build.0 = Release|Any CPU
		{BCDF316E-D9F9-4348-B38F-3E44B6020804}.Release|x64.ActiveCfg = Release|Any CPU
		{BCDF316E-D9F9-4348-B38F-3E44B6020804}.Release|x64.Build.0 = Release|Any CPU
		{BCDF316E-D9F9-4348-B38F-3E44B6020804}.Release|x86.ActiveCfg = Release|Any CPU
		{BCDF316E-D9F9-4348-B38F-3E44B6020804}.Release|x86.Build.0 = Release|Any CPU
		{5C5ADC6C-DB42-491A-92BB-97E64EA0107B}.Debug|Any CPU.ActiveCfg = Debug|Any CPU
		{5C5ADC6C-DB42-491A-92BB-97E64EA0107B}.Debug|Any CPU.Build.0 = Debug|Any CPU
		{5C5ADC6C-DB42-491A-92BB-97E64EA0107B}.Debug|x64.ActiveCfg = Debug|Any CPU
		{5C5ADC6C-DB42-491A-92BB-97E64EA0107B}.Debug|x64.Build.0 = Debug|Any CPU
		{5C5ADC6C-DB42-491A-92BB-97E64EA0107B}.Debug|x86.ActiveCfg = Debug|Any CPU
		{5C5ADC6C-DB42-491A-92BB-97E64EA0107B}.Debug|x86.Build.0 = Debug|Any CPU
		{5C5ADC6C-DB42-491A-92BB-97E64EA0107B}.Release|Any CPU.ActiveCfg = Release|Any CPU
		{5C5ADC6C-DB42-491A-92BB-97E64EA0107B}.Release|Any CPU.Build.0 = Release|Any CPU
		{5C5ADC6C-DB42-491A-92BB-97E64EA0107B}.Release|x64.ActiveCfg = Release|Any CPU
		{5C5ADC6C-DB42-491A-92BB-97E64EA0107B}.Release|x64.Build.0 = Release|Any CPU
		{5C5ADC6C-DB42-491A-92BB-97E64EA0107B}.Release|x86.ActiveCfg = Release|Any CPU
		{5C5ADC6C-DB42-491A-92BB-97E64EA0107B}.Release|x86.Build.0 = Release|Any CPU
	EndGlobalSection
	GlobalSection(SolutionProperties) = preSolution
		HideSolutionNode = FALSE
	EndGlobalSection
	GlobalSection(NestedProjects) = preSolution
		{59D395E0-DEC9-19C0-9D6F-970BB723A65F} = {7A31CED4-1678-4AF3-8F73-6A118B9DA039}
		{D6EA1A95-8936-4734-ACB5-AF559BFC2DD3} = {59D395E0-DEC9-19C0-9D6F-970BB723A65F}
		{B3736C9E-7574-1173-E5B0-C4A6EF504F9F} = {7A31CED4-1678-4AF3-8F73-6A118B9DA039}
		{B19856B1-D9DD-42AC-886D-742533C6559D} = {B3736C9E-7574-1173-E5B0-C4A6EF504F9F}
		{95347797-E519-0CF9-6514-36FF84368C5E} = {7A31CED4-1678-4AF3-8F73-6A118B9DA039}
		{3050F318-350A-4AC3-A1D6-EC88114540E7} = {95347797-E519-0CF9-6514-36FF84368C5E}
		{D27D90EA-0E7C-A219-3F2E-16038E9F2F0C} = {7A31CED4-1678-4AF3-8F73-6A118B9DA039}
		{DD0BDC7E-8C9E-4A52-A517-B44624DD008E} = {D27D90EA-0E7C-A219-3F2E-16038E9F2F0C}
		{30620BB4-6940-4C6C-B07E-8BF1F68E9DBC} = {7A31CED4-1678-4AF3-8F73-6A118B9DA039}
		{0801E81E-F67C-4ECB-B01C-EC85A9276C28} = {30620BB4-6940-4C6C-B07E-8BF1F68E9DBC}
		{0BC06F8D-6E9C-4954-87DC-1F80965A5C62} = {7A31CED4-1678-4AF3-8F73-6A118B9DA039}
		{DED48B03-D76C-E74E-2822-CB898D1028B2} = {7A31CED4-1678-4AF3-8F73-6A118B9DA039}
		{48B58655-5DAD-422F-908C-C066B57C5FCE} = {DED48B03-D76C-E74E-2822-CB898D1028B2}
		{EA9D92A5-85E5-D008-581C-C0BFDD12A8B9} = {7A31CED4-1678-4AF3-8F73-6A118B9DA039}
		{BCDF316E-D9F9-4348-B38F-3E44B6020804} = {EA9D92A5-85E5-D008-581C-C0BFDD12A8B9}
		{AB33FC17-0080-37F6-E2E1-0E8B3B4953A3} = {7A31CED4-1678-4AF3-8F73-6A118B9DA039}
		{5C5ADC6C-DB42-491A-92BB-97E64EA0107B} = {AB33FC17-0080-37F6-E2E1-0E8B3B4953A3}
	EndGlobalSection
EndGlobal
